{
  "lockfileVersion": 1,
  "workspaces": {
    "": {
      "name": "world-template",
      "dependencies": {
        "@codehz/ecs": "^0.4.1",
        "@codehz/pipeline": "^0.3.0",
        "@miehoukingdom/world-interface": "link:@miehoukingdom/world-interface",
        "@miehoukingdom/world-runtime": "link:@miehoukingdom/world-runtime",
      },
      "devDependencies": {
        "@codehz/ts-json-schema": "^0.0.3",
        "@miehoukingdom/world-packager": "link:@miehoukingdom/world-packager",
        "@types/bun": "latest",
        "bun-only": "^0.0.1",
        "commander": "^14.0.2",
        "get-tsconfig": "^4.13.0",
        "typescript": "^5.9.3",
      },
      "peerDependencies": {
        "typescript": "^5.9.3",
      },
    },
  },
  "packages": {
    "@codehz/ecs": ["@codehz/ecs@0.4.1", "", { "peerDependencies": { "typescript": "^5.9.3" } }, "sha512-rbmKcUiq6DzQOH/Xm5rYuc76RdRd3mCcfPKIlVru2xUVwK2koc9AsfOAzI6BzAztU0aqrpFhT8H6xIJqapDtjw=="],

    "@codehz/pipeline": ["@codehz/pipeline@0.3.0", "", {}, "sha512-nW/JXicEDL1ECcjO0Byz19yl4WVLhx8oZY/pT8RonNwG4iMskIW49mFAdVrdH8P6pJ6w4/2EpbTYOdojU48HnA=="],

    "@codehz/ts-json-schema": ["@codehz/ts-json-schema@0.0.3", "", { "peerDependencies": { "typescript": "^5" } }, "sha512-zY0fZAZ5nVcZg9x+ZMkQVpHIU9olxwIVFI2ct/RRvd7Tn2Qc0ciBI1ewq8gIL3YdJ3qKVydF6dsR+tBEN5lKZw=="],

    "@miehoukingdom/world-interface": ["@miehoukingdom/world-interface@link:@miehoukingdom/world-interface", {}],

    "@miehoukingdom/world-packager": ["@miehoukingdom/world-packager@link:@miehoukingdom/world-packager", { "bin": { "world-packager": "./src/index.ts" } }],

    "@miehoukingdom/world-runtime": ["@miehoukingdom/world-runtime@link:@miehoukingdom/world-runtime", {}],

    "@types/bun": ["@types/bun@1.3.5", "", { "dependencies": { "bun-types": "1.3.5" } }, "sha512-RnygCqNrd3srIPEWBd5LFeUYG7plCoH2Yw9WaZGyNmdTEei+gWaHqydbaIRkIkcbXwhBT94q78QljxN0Sk838w=="],

    "@types/node": ["@types/node@25.0.3", "", { "dependencies": { "undici-types": "~7.16.0" } }, "sha512-W609buLVRVmeW693xKfzHeIV6nJGGz98uCPfeXI1ELMLXVeKYZ9m15fAMSaUPBHYLGFsVRcMmSCksQOrZV9BYA=="],

    "bun-only": ["bun-only@0.0.1", "", {}, "sha512-eQdy3eKF3MPcrwhvDq/7BykQ9kpl9Lu/zJ9IcL1AsjZ4vct68Du8reZisptp7YL8b65iImMf9j06xmGUNsc2rQ=="],

    "bun-types": ["bun-types@1.3.5", "", { "dependencies": { "@types/node": "*" } }, "sha512-inmAYe2PFLs0SUbFOWSVD24sg1jFlMPxOjOSSCYqUgn4Hsc3rDc7dFvfVYjFPNHtov6kgUeulV4SxbuIV/stPw=="],

    "commander": ["commander@14.0.2", "", {}, "sha512-TywoWNNRbhoD0BXs1P3ZEScW8W5iKrnbithIl0YH+uCmBd0QpPOA8yc82DS3BIE5Ma6FnBVUsJ7wVUDz4dvOWQ=="],

    "get-tsconfig": ["get-tsconfig@4.13.0", "", { "dependencies": { "resolve-pkg-maps": "^1.0.0" } }, "sha512-1VKTZJCwBrvbd+Wn3AOgQP/2Av+TfTCOlE4AcRJE72W1ksZXbAx8PPBR9RzgTeSPzlPMHrbANMH3LbltH73wxQ=="],

    "resolve-pkg-maps": ["resolve-pkg-maps@1.0.0", "", {}, "sha512-seS2Tj26TBVOC2NIc2rOe2y2ZO7efxITtLZcGSOnHHNOQ7CkiUBfw0Iw2ck6xkIhPwLhKNLS8BO+hEpngQlqzw=="],

    "typescript": ["typescript@5.9.3", "", { "bin": { "tsc": "bin/tsc", "tsserver": "bin/tsserver" } }, "sha512-jl1vZzPDinLr9eUt3J/t7V6FgNEw9QjvBPdysz9KfQDD41fQrC2Y4vKQdiaUpFT4bXlb1RHhLpp8wtm6M5TgSw=="],

    "undici-types": ["undici-types@7.16.0", "", {}, "sha512-Zz+aZWSj8LE6zoxD+xrjh4VfkIG8Ya6LvYkZqtUQGJPZjYl53ypCaUwWqo7eI0x66KBGeRo+mlBEkMSeSZ38Nw=="],
  }
}
